
Microsoft Visual Studio Solution File, Format Version 12.00
# Visual Studio Version 16
VisualStudioVersion = 16.0.29911.84
MinimumVisualStudioVersion = 10.0.40219.1
Project("{FAE04EC0-301F-11D3-BF4B-00C04F79EFBC}") = "Airline14", "Airline14\Airline14.csproj", "{D6371308-38BD-4888-85B3-7309ECA80E81}"
EndProject
Global
	GlobalSection(SolutionConfigurationPlatforms) = preSolution
		Debug|Any CPU = Debug|Any CPU
		Release|Any CPU = Release|Any CPU
	EndGlobalSection
	GlobalSection(ProjectConfigurationPlatforms) = postSolution
		{D6371308-38BD-4888-85B3-7309ECA80E81}.Debug|Any CPU.ActiveCfg = Debug|Any CPU
		{D6371308-38BD-4888-85B3-7309ECA80E81}.Debug|Any CPU.Build.0 = Debug|Any CPU
		{D6371308-38BD-4888-85B3-7309ECA80E81}.Release|Any CPU.ActiveCfg = Release|Any CPU
		{D6371308-38BD-4888-85B3-7309ECA80E81}.Release|Any CPU.Build.0 = Release|Any CPU
	EndGlobalSection
	GlobalSection(SolutionProperties) = preSolution
		HideSolutionNode = FALSE
	EndGlobalSection
	GlobalSection(ExtensibilityGlobals) = postSolution
		SolutionGuid = {1425E470-F078-49F1-9D25-B53A46F5B7EE}
	EndGlobalSection
EndGlobal
